
Microsoft Visual Studio Solution File, Format Version 12.00
# Visual Studio Version 17
VisualStudioVersion = 17.0.31903.59
MinimumVisualStudioVersion = 10.0.40219.1
Project("{FAE04EC0-301F-11D3-BF4B-00C04F79EFBC}") = "MSC.WebApi", "MSC.WebApi\MSC.WebApi.csproj", "{C0E916F2-DD27-48F3-A2CC-EE409389D2BA}"
EndProject
Project("{FAE04EC0-301F-11D3-BF4B-00C04F79EFBC}") = "MSC.Core", "MSC.Core\MSC.Core.csproj", "{8F115139-C8AC-4361-A443-D77977138AFC}"
EndProject
Global
	GlobalSection(SolutionConfigurationPlatforms) = preSolution
		Debug|Any CPU = Debug|Any CPU
		Release|Any CPU = Release|Any CPU
	EndGlobalSection
	GlobalSection(SolutionProperties) = preSolution
		HideSolutionNode = FALSE
	EndGlobalSection
	GlobalSection(ProjectConfigurationPlatforms) = postSolution
		{C0E916F2-DD27-48F3-A2CC-EE409389D2BA}.Debug|Any CPU.ActiveCfg = Debug|Any CPU
		{C0E916F2-DD27-48F3-A2CC-EE409389D2BA}.Debug|Any CPU.Build.0 = Debug|Any CPU
		{C0E916F2-DD27-48F3-A2CC-EE409389D2BA}.Release|Any CPU.ActiveCfg = Release|Any CPU
		{C0E916F2-DD27-48F3-A2CC-EE409389D2BA}.Release|Any CPU.Build.0 = Release|Any CPU
		{8F115139-C8AC-4361-A443-D77977138AFC}.Debug|Any CPU.ActiveCfg = Debug|Any CPU
		{8F115139-C8AC-4361-A443-D77977138AFC}.Debug|Any CPU.Build.0 = Debug|Any CPU
		{8F115139-C8AC-4361-A443-D77977138AFC}.Release|Any CPU.ActiveCfg = Release|Any CPU
		{8F115139-C8AC-4361-A443-D77977138AFC}.Release|Any CPU.Build.0 = Release|Any CPU
	EndGlobalSection
EndGlobal
